<?xml version="1.0" encoding="utf-8"?>
<Project ToolsVersion="4.0" xmlns="http://schemas.microsoft.com/developer/msbuild/2003">
  <ItemGroup>
    <Filter Include="Pliki źródłowe">
      <UniqueIdentifier>{4FC737F1-C7A5-4376-A066-2A32D752A2FF}</UniqueIdentifier>
      <Extensions>cpp;c;cc;cxx;c++;cppm;ixx;def;odl;idl;hpj;bat;asm;asmx</Extensions>
    </Filter>
    <Filter Include="Pliki nagłówkowe">
      <UniqueIdentifier>{93995380-89BD-4b04-88EB-625FBE52EBFB}</UniqueIdentifier>
      <Extensions>h;hh;hpp;hxx;h++;hm;inl;inc;ipp;xsd</Extensions>
    </Filter>
    <Filter Include="Pliki zasobów">
      <UniqueIdentifier>{67DA6AB6-F800-4c08-8B7A-83BB121AAD01}</UniqueIdentifier>
      <Extensions>rc;ico;cur;bmp;dlg;rc2;rct;bin;rgs;gif;jpg;jpeg;jpe;resx;tiff;tif;png;wav;mfcribbon-ms</Extensions>
    </Filter>
    <Filter Include="Pliki zasobów\external">
      <UniqueIdentifier>{756f6f5e-03bc-46e6-88aa-ffd543b6d2e9}</UniqueIdentifier>
    </Filter>
    <Filter Include="Pliki źródłowe\imgui">
      <UniqueIdentifier>{0183189f-a6b8-4980-b0e2-d275491006c8}</UniqueIdentifier>
    </Filter>
    <Filter Include="Pliki nagłówkowe\imgui">
      <UniqueIdentifier>{ce1276fc-2bac-4f70-80e8-0545dc5bd0e3}</UniqueIdentifier>
    </Filter>
  </ItemGroup>
  <ItemGroup>
    <ClCompile Include="main.cpp">
      <Filter>Pliki źródłowe</Filter>
    </ClCompile>
    <ClCompile Include="glad.c">
      <Filter>Pliki źródłowe</Filter>
    </ClCompile>
    <ClCompile Include="external\imgui\imgui.cpp">
      <Filter>Pliki źródłowe\imgui</Filter>
    </ClCompile>
    <ClCompile Include="external\imgui\imgui_demo.cpp">
      <Filter>Pliki źródłowe\imgui</Filter>
    </ClCompile>
    <ClCompile Include="external\imgui\imgui_draw.cpp">
      <Filter>Pliki źródłowe\imgui</Filter>
    </ClCompile>
    <ClCompile Include="external\imgui\imgui_impl_glfw.cpp">
      <Filter>Pliki źródłowe\imgui</Filter>
    </ClCompile>
    <ClCompile Include="external\imgui\imgui_impl_opengl3.cpp">
      <Filter>Pliki źródłowe\imgui</Filter>
    </ClCompile>
    <ClCompile Include="external\imgui\imgui_tables.cpp">
      <Filter>Pliki źródłowe\imgui</Filter>
    </ClCompile>
    <ClCompile Include="external\imgui\imgui_widgets.cpp">
      <Filter>Pliki źródłowe\imgui</Filter>
    </ClCompile>
    <ClCompile Include="src\Shader.cpp">
      <Filter>Pliki źródłowe</Filter>
    </ClCompile>
    <ClCompile Include="src\VAO.cpp">
      <Filter>Pliki źródłowe</Filter>
    </ClCompile>
    <ClCompile Include="src\VBO.cpp">
      <Filter>Pliki źródłowe</Filter>
    </ClCompile>
    <ClCompile Include="src\fetchApi.cpp">
      <Filter>Pliki źródłowe</Filter>
    </ClCompile>
    <ClCompile Include="external\libsgp4\CoordGeodetic.cc">
      <Filter>Pliki źródłowe</Filter>
    </ClCompile>
    <ClCompile Include="external\libsgp4\CoordTopocentric.cc">
      <Filter>Pliki źródłowe</Filter>
    </ClCompile>
    <ClCompile Include="external\libsgp4\DateTime.cc">
      <Filter>Pliki źródłowe</Filter>
    </ClCompile>
    <ClCompile Include="external\libsgp4\DecayedException.cc">
      <Filter>Pliki źródłowe</Filter>
    </ClCompile>
    <ClCompile Include="external\libsgp4\Eci.cc">
      <Filter>Pliki źródłowe</Filter>
    </ClCompile>
    <ClCompile Include="external\libsgp4\Globals.cc">
      <Filter>Pliki źródłowe</Filter>
    </ClCompile>
    <ClCompile Include="external\libsgp4\Observer.cc">
      <Filter>Pliki źródłowe</Filter>
    </ClCompile>
    <ClCompile Include="external\libsgp4\OrbitalElements.cc">
      <Filter>Pliki źródłowe</Filter>
    </ClCompile>
    <ClCompile Include="external\libsgp4\SatelliteException.cc">
      <Filter>Pliki źródłowe</Filter>
    </ClCompile>
    <ClCompile Include="external\libsgp4\SGP4.cc">
      <Filter>Pliki źródłowe</Filter>
    </ClCompile>
    <ClCompile Include="external\libsgp4\SolarPosition.cc">
      <Filter>Pliki źródłowe</Filter>
    </ClCompile>
    <ClCompile Include="external\libsgp4\TimeSpan.cc">
      <Filter>Pliki źródłowe</Filter>
    </ClCompile>
    <ClCompile Include="external\libsgp4\Tle.cc">
      <Filter>Pliki źródłowe</Filter>
    </ClCompile>
    <ClCompile Include="external\libsgp4\TleException.cc">
      <Filter>Pliki źródłowe</Filter>
    </ClCompile>
    <ClCompile Include="external\libsgp4\Util.cc">
      <Filter>Pliki źródłowe</Filter>
    </ClCompile>
    <ClCompile Include="external\libsgp4\Vector.cc">
      <Filter>Pliki źródłowe</Filter>
    </ClCompile>
    <ClCompile Include="src\EBO.cpp">
      <Filter>Pliki źródłowe</Filter>
    </ClCompile>
    <ClCompile Include="src\Mesh.cpp">
      <Filter>Pliki źródłowe</Filter>
    </ClCompile>
    <ClCompile Include="src\Models\Sphere.cpp">
      <Filter>Pliki źródłowe</Filter>
    </ClCompile>
    <ClCompile Include="external\stb\stb.cpp">
      <Filter>Pliki źródłowe</Filter>
    </ClCompile>
    <ClCompile Include="src\Texture.cpp">
      <Filter>Pliki źródłowe</Filter>
    </ClCompile>
  </ItemGroup>
  <ItemGroup>
    <ClInclude Include="external\curl\curl.h">
      <Filter>Pliki nagłówkowe</Filter>
    </ClInclude>
    <ClInclude Include="external\curl\curlver.h">
      <Filter>Pliki nagłówkowe</Filter>
    </ClInclude>
    <ClInclude Include="external\curl\easy.h">
      <Filter>Pliki nagłówkowe</Filter>
    </ClInclude>
    <ClInclude Include="external\curl\header.h">
      <Filter>Pliki nagłówkowe</Filter>
    </ClInclude>
    <ClInclude Include="external\curl\mprintf.h">
      <Filter>Pliki nagłówkowe</Filter>
    </ClInclude>
    <ClInclude Include="external\curl\multi.h">
      <Filter>Pliki nagłówkowe</Filter>
    </ClInclude>
    <ClInclude Include="external\curl\options.h">
      <Filter>Pliki nagłówkowe</Filter>
    </ClInclude>
    <ClInclude Include="external\curl\stdcheaders.h">
      <Filter>Pliki nagłówkowe</Filter>
    </ClInclude>
    <ClInclude Include="external\curl\system.h">
      <Filter>Pliki nagłówkowe</Filter>
    </ClInclude>
    <ClInclude Include="external\curl\typecheck-gcc.h">
      <Filter>Pliki nagłówkowe</Filter>
    </ClInclude>
    <ClInclude Include="external\curl\urlapi.h">
      <Filter>Pliki nagłówkowe</Filter>
    </ClInclude>
    <ClInclude Include="external\curl\websockets.h">
      <Filter>Pliki nagłówkowe</Filter>
    </ClInclude>
    <ClInclude Include="external\imgui\imconfig.h">
      <Filter>Pliki nagłówkowe\imgui</Filter>
    </ClInclude>
    <ClInclude Include="external\imgui\imgui.h">
      <Filter>Pliki nagłówkowe\imgui</Filter>
    </ClInclude>
    <ClInclude Include="external\imgui\imgui_impl_glfw.h">
      <Filter>Pliki nagłówkowe\imgui</Filter>
    </ClInclude>
    <ClInclude Include="external\imgui\imgui_impl_opengl3.h">
      <Filter>Pliki nagłówkowe\imgui</Filter>
    </ClInclude>
    <ClInclude Include="external\imgui\imgui_impl_opengl3_loader.h">
      <Filter>Pliki nagłówkowe\imgui</Filter>
    </ClInclude>
    <ClInclude Include="external\imgui\imgui_internal.h">
      <Filter>Pliki nagłówkowe\imgui</Filter>
    </ClInclude>
    <ClInclude Include="external\imgui\imstb_rectpack.h">
      <Filter>Pliki nagłówkowe\imgui</Filter>
    </ClInclude>
    <ClInclude Include="external\imgui\imstb_textedit.h">
      <Filter>Pliki nagłówkowe\imgui</Filter>
    </ClInclude>
    <ClInclude Include="external\imgui\imstb_truetype.h">
      <Filter>Pliki nagłówkowe\imgui</Filter>
    </ClInclude>
    <ClInclude Include="include\EBO.h">
      <Filter>Pliki nagłówkowe</Filter>
    </ClInclude>
    <ClInclude Include="include\Shader.h">
      <Filter>Pliki nagłówkowe</Filter>
    </ClInclude>
    <ClInclude Include="include\VAO.h">
      <Filter>Pliki nagłówkowe</Filter>
    </ClInclude>
    <ClInclude Include="include\VBO.h">
      <Filter>Pliki nagłówkowe</Filter>
    </ClInclude>
    <ClInclude Include="include\fetchApi.h">
      <Filter>Pliki nagłówkowe</Filter>
    </ClInclude>
    <ClInclude Include="external\libsgp4\CoordGeodetic.h">
      <Filter>Pliki nagłówkowe</Filter>
    </ClInclude>
    <ClInclude Include="external\libsgp4\CoordTopocentric.h">
      <Filter>Pliki nagłówkowe</Filter>
    </ClInclude>
    <ClInclude Include="external\libsgp4\DateTime.h">
      <Filter>Pliki nagłówkowe</Filter>
    </ClInclude>
    <ClInclude Include="external\libsgp4\DecayedException.h">
      <Filter>Pliki nagłówkowe</Filter>
    </ClInclude>
    <ClInclude Include="external\libsgp4\Eci.h">
      <Filter>Pliki nagłówkowe</Filter>
    </ClInclude>
    <ClInclude Include="external\libsgp4\Globals.h">
      <Filter>Pliki nagłówkowe</Filter>
    </ClInclude>
    <ClInclude Include="external\libsgp4\Observer.h">
      <Filter>Pliki nagłówkowe</Filter>
    </ClInclude>
    <ClInclude Include="external\libsgp4\OrbitalElements.h">
      <Filter>Pliki nagłówkowe</Filter>
    </ClInclude>
    <ClInclude Include="external\libsgp4\SatelliteException.h">
      <Filter>Pliki nagłówkowe</Filter>
    </ClInclude>
    <ClInclude Include="external\libsgp4\SGP4.h">
      <Filter>Pliki nagłówkowe</Filter>
    </ClInclude>
    <ClInclude Include="external\libsgp4\SolarPosition.h">
      <Filter>Pliki nagłówkowe</Filter>
    </ClInclude>
    <ClInclude Include="external\libsgp4\TimeSpan.h">
      <Filter>Pliki nagłówkowe</Filter>
    </ClInclude>
    <ClInclude Include="external\libsgp4\Tle.h">
      <Filter>Pliki nagłówkowe</Filter>
    </ClInclude>
    <ClInclude Include="external\libsgp4\TleException.h">
      <Filter>Pliki nagłówkowe</Filter>
    </ClInclude>
    <ClInclude Include="external\libsgp4\Util.h">
      <Filter>Pliki nagłówkowe</Filter>
    </ClInclude>
    <ClInclude Include="external\libsgp4\Vector.h">
      <Filter>Pliki nagłówkowe</Filter>
    </ClInclude>
    <ClInclude Include="include\Mesh.h">
      <Filter>Pliki nagłówkowe</Filter>
    </ClInclude>
    <ClInclude Include="include\Models\Sphere.h">
      <Filter>Pliki nagłówkowe</Filter>
    </ClInclude>
    <ClInclude Include="external\stb\stb_image.h">
      <Filter>Pliki nagłówkowe</Filter>
    </ClInclude>
    <ClInclude Include="include\Texture.h">
      <Filter>Pliki nagłówkowe</Filter>
    </ClInclude>
  </ItemGroup>
  <ItemGroup>
    <Library Include="external\curl\lib\x86\libcurl-d.lib" />
    <Library Include="external\curl\lib\x64\libcurl.lib" />
  </ItemGroup>
  <ItemGroup>
    <None Include="shaders\basicShader.shader" />
  </ItemGroup>
  <ItemGroup>
    <Image Include="assets\Earth.png">
      <Filter>Pliki zasobów</Filter>
    </Image>
    <Image Include="assets\earthMap.png">
      <Filter>Pliki zasobów</Filter>
    </Image>
  </ItemGroup>
</Project>